github.com/davecgh/go-spew v1.1.1 h1:vj9j/u1bqnvCEfJOwUhtlOARqs3+rkHYY13jYWTU97c=
github.com/davecgh/go-spew v1.1.1/go.mod h1:J7Y8YcW2NihsgmVo/mv3lAwl/skON4iLHjSsI+c5H38=
github.com/jackpal/bencode-go v0.0.0-20180813173944-227668e840fa h1:ym9I4Q1lJG8nu+j5R2H6mHOfVjYbSiwUOzh/AFs3Xfs=
github.com/jackpal/bencode-go v0.0.0-20180813173944-227668e840fa/go.mod h1:5FSBQ74yhCl5oQ+QxRPYzWMONFnxbL68/23eezsBI5c=
